{
  "name": "jsdraw-wrapper",
  "version": "0.0.1",
  "lockfileVersion": 1,
  "requires": true,
  "dependencies": {
    "@types/chai": {
      "version": "4.1.7",
      "resolved": "https://registry.npmjs.org/@types/chai/-/chai-4.1.7.tgz",
      "integrity": "sha512-2Y8uPt0/jwjhQ6EiluT0XCri1Dbplr0ZxfFXUz+ye13gaqE8u5gL5ppao1JrUYr9cIip5S6MvQzBS7Kke7U9VA==",
      "dev": true
    },
    "dijit": {
      "version": "1.14.2",
      "resolved": "https://registry.npmjs.org/dijit/-/dijit-1.14.2.tgz",
      "integrity": "sha512-T/jEhBVpGdU3ruw5K68S8qn8VCjn1Pv/2fC4g0QJjPD0VgxOV9BvXdjo8Fjpv5AQ69PEUdZijHrSTTcPwIo7bg==",
      "dev": true,
      "requires": {
        "dojo": "1.14.2"
      }
    },
    "dojo": {
      "version": "1.14.2",
      "resolved": "https://registry.npmjs.org/dojo/-/dojo-1.14.2.tgz",
      "integrity": "sha512-TI+Ytgfh/VfmHWERp45Jte6NFMdoJTPsvUP/uzJUvAXET8FP2h442LePWWJ/q/xZ4V0V8OtdJhx8It/GB+Zbxg==",
      "dev": true
    },
    "dojo-typings": {
      "version": "1.11.9",
      "resolved": "https://registry.npmjs.org/dojo-typings/-/dojo-typings-1.11.9.tgz",
      "integrity": "sha512-mh8w+Mau2Y1QfTEszEAdO7j6ycNhYxF/Ing6nAk1eUg6NxjeT0viVHjICMd9sU3U463vM2G+KfBBK5grk3/Mlw==",
      "dev": true,
      "requires": {
        "@types/chai": "4.1.7"
      }
    },
    "dojox": {
      "version": "1.14.2",
      "resolved": "https://registry.npmjs.org/dojox/-/dojox-1.14.2.tgz",
      "integrity": "sha512-IOFzVbTGTXEUWskPPL1tEuVU20ANErgRcgjiSq/rY4K3m37L0h7t9k0NRr+vSO2vJH5u3IswvVH23GUrYEDnwg==",
      "dev": true,
      "requires": {
        "dijit": "1.14.2",
        "dojo": "1.14.2"
      }
    }
  }
}
